
Microsoft Visual Studio Solution File, Format Version 12.00
# Visual Studio 2012
Project("{FAE04EC0-301F-11D3-BF4B-00C04F79EFBC}") = "Watch.Face.Scroll", "Face\Scroll\Watch.Face.Scroll.csproj", "{1CC9DFD4-E157-4559-9DEB-B2F0CD71FABC}"
EndProject
Project("{FAE04EC0-301F-11D3-BF4B-00C04F79EFBC}") = "Watch.Face.Common", "Face\Common\Watch.Face.Common.csproj", "{DFF306FF-5A00-4818-97D2-02800880CBCD}"
EndProject
Project("{2150E333-8FDC-42A3-9474-1A3956D46DE8}") = "WatchFace", "WatchFace", "{3AEBFD90-F20A-40F0-B672-9B3A94698D01}"
EndProject
Project("{2150E333-8FDC-42A3-9474-1A3956D46DE8}") = "Common", "Common", "{E933B6B0-9CEF-431B-A136-78B94C1423E4}"
EndProject
Project("{FAE04EC0-301F-11D3-BF4B-00C04F79EFBC}") = "Watch.Face.Fuzzy", "Face\Fuzzy\Watch.Face.Fuzzy\Watch.Face.Fuzzy.csproj", "{1A96FB08-A70D-4F8B-AEE6-FFE0F0559899}"
EndProject
Global
	GlobalSection(SolutionConfigurationPlatforms) = preSolution
		Debug|Any CPU = Debug|Any CPU
		Release|Any CPU = Release|Any CPU
	EndGlobalSection
	GlobalSection(ProjectConfigurationPlatforms) = postSolution
		{1CC9DFD4-E157-4559-9DEB-B2F0CD71FABC}.Debug|Any CPU.ActiveCfg = Debug|Any CPU
		{1CC9DFD4-E157-4559-9DEB-B2F0CD71FABC}.Debug|Any CPU.Build.0 = Debug|Any CPU
		{1CC9DFD4-E157-4559-9DEB-B2F0CD71FABC}.Debug|Any CPU.Deploy.0 = Debug|Any CPU
		{1CC9DFD4-E157-4559-9DEB-B2F0CD71FABC}.Release|Any CPU.ActiveCfg = Release|Any CPU
		{1CC9DFD4-E157-4559-9DEB-B2F0CD71FABC}.Release|Any CPU.Build.0 = Release|Any CPU
		{1CC9DFD4-E157-4559-9DEB-B2F0CD71FABC}.Release|Any CPU.Deploy.0 = Release|Any CPU
		{DFF306FF-5A00-4818-97D2-02800880CBCD}.Debug|Any CPU.ActiveCfg = Debug|Any CPU
		{DFF306FF-5A00-4818-97D2-02800880CBCD}.Debug|Any CPU.Build.0 = Debug|Any CPU
		{DFF306FF-5A00-4818-97D2-02800880CBCD}.Release|Any CPU.ActiveCfg = Release|Any CPU
		{DFF306FF-5A00-4818-97D2-02800880CBCD}.Release|Any CPU.Build.0 = Release|Any CPU
		{1A96FB08-A70D-4F8B-AEE6-FFE0F0559899}.Debug|Any CPU.ActiveCfg = Debug|Any CPU
		{1A96FB08-A70D-4F8B-AEE6-FFE0F0559899}.Debug|Any CPU.Build.0 = Debug|Any CPU
		{1A96FB08-A70D-4F8B-AEE6-FFE0F0559899}.Debug|Any CPU.Deploy.0 = Debug|Any CPU
		{1A96FB08-A70D-4F8B-AEE6-FFE0F0559899}.Release|Any CPU.ActiveCfg = Release|Any CPU
		{1A96FB08-A70D-4F8B-AEE6-FFE0F0559899}.Release|Any CPU.Build.0 = Release|Any CPU
		{1A96FB08-A70D-4F8B-AEE6-FFE0F0559899}.Release|Any CPU.Deploy.0 = Release|Any CPU
	EndGlobalSection
	GlobalSection(SolutionProperties) = preSolution
		HideSolutionNode = FALSE
	EndGlobalSection
	GlobalSection(NestedProjects) = preSolution
		{E933B6B0-9CEF-431B-A136-78B94C1423E4} = {3AEBFD90-F20A-40F0-B672-9B3A94698D01}
		{1CC9DFD4-E157-4559-9DEB-B2F0CD71FABC} = {3AEBFD90-F20A-40F0-B672-9B3A94698D01}
		{1A96FB08-A70D-4F8B-AEE6-FFE0F0559899} = {3AEBFD90-F20A-40F0-B672-9B3A94698D01}
		{DFF306FF-5A00-4818-97D2-02800880CBCD} = {E933B6B0-9CEF-431B-A136-78B94C1423E4}
	EndGlobalSection
EndGlobal
